
Microsoft Visual Studio Solution File, Format Version 12.00
# Visual Studio Version 17
VisualStudioVersion = 17.3.32922.545
MinimumVisualStudioVersion = 10.0.40219.1
Project("{FAE04EC0-301F-11D3-BF4B-00C04F79EFBC}") = "ISOXML", "ISOXML\ISOXML.csproj", "{69BC4B07-425A-4446-8900-3CF9FF73F92C}"
EndProject
Global
	GlobalSection(SolutionConfigurationPlatforms) = preSolution
		Debug|Any CPU = Debug|Any CPU
		Release|Any CPU = Release|Any CPU
	EndGlobalSection
	GlobalSection(ProjectConfigurationPlatforms) = postSolution
		{69BC4B07-425A-4446-8900-3CF9FF73F92C}.Debug|Any CPU.ActiveCfg = Debug|Any CPU
		{69BC4B07-425A-4446-8900-3CF9FF73F92C}.Debug|Any CPU.Build.0 = Debug|Any CPU
		{69BC4B07-425A-4446-8900-3CF9FF73F92C}.Release|Any CPU.ActiveCfg = Release|Any CPU
		{69BC4B07-425A-4446-8900-3CF9FF73F92C}.Release|Any CPU.Build.0 = Release|Any CPU
	EndGlobalSection
	GlobalSection(SolutionProperties) = preSolution
		HideSolutionNode = FALSE
	EndGlobalSection
	GlobalSection(ExtensibilityGlobals) = postSolution
		SolutionGuid = {50CD42FF-26D3-46B2-976E-BB53D8DA0CE7}
	EndGlobalSection
EndGlobal
